Microsoft Visual Studio Solution File, Format Version 12.00
# Visual Studio 14
VisualStudioVersion = 14.0.25420.1
MinimumVisualStudioVersion = 10.0.40219.1
Project("{2150E333-8FDC-42A3-9474-1A3956D46DE8}") = "TestProjects", "TestProjects", "{1EE7E273-64EC-42C0-A7C5-7AD78FC6FF82}"
EndProject
Project("{2150E333-8FDC-42A3-9474-1A3956D46DE8}") = "Source", "Source", "{F4F00987-6164-4A25-A2E6-F94481ADB327}"
EndProject
Project("{2150E333-8FDC-42A3-9474-1A3956D46DE8}") = "libs", "libs", "{815B044E-E2F3-4FF7-8F8E-F8013D7E5E80}"
EndProject
Project("{FAE04EC0-301F-11D3-BF4B-00C04F79EFBC}") = "DevKit.Xamarin.ImageKit.Abstractions", "Source\DevKit.Xamarin.ImageKit\DevKit.Xamarin.ImageKit.Abstractions.csproj", "{78B3558B-FE53-42BB-B92A-DE7EB6BF0A8B}"
EndProject
Project("{FAE04EC0-301F-11D3-BF4B-00C04F79EFBC}") = "DevKit.Xamarin.ImageKit.Droid", "Source\DevKit.Xamarin.ImageKit.Droid\DevKit.Xamarin.ImageKit.Droid.csproj", "{EE8F3A5E-11F2-48D6-8040-5C485C3368EC}"
EndProject
Project("{FAE04EC0-301F-11D3-BF4B-00C04F79EFBC}") = "DevKit.Xamarin.ImageKit.iOS", "Source\DevKit.Xamarin.ImageKit.iOS\DevKit.Xamarin.ImageKit.iOS.csproj", "{4C8964FC-4FBD-492B-8886-A97040EDEF8A}"
EndProject
Project("{FAE04EC0-301F-11D3-BF4B-00C04F79EFBC}") = "DevKit.Xamarin.ImageKit.UWP", "Source\DevKit.Xamarin.ImageKit.UWP\DevKit.Xamarin.ImageKit.UWP.csproj", "{DFF6FDB4-4505-4F20-8493-38C1A574E31E}"
EndProject
Project("{FAE04EC0-301F-11D3-BF4B-00C04F79EFBC}") = "DemoImageKit", "TestProjects\DemoImageKit\DemoImageKit.csproj", "{0F9C7FC6-3454-40B5-B57A-7C9FF9DCB637}"
EndProject
Project("{FAE04EC0-301F-11D3-BF4B-00C04F79EFBC}") = "DemoImageKit.UWP", "TestProjects\DemoImageKit.UWP\DemoImageKit.UWP.csproj", "{28239E17-43BC-4C32-A16D-15FE8BAD9A91}"
EndProject
Project("{FAE04EC0-301F-11D3-BF4B-00C04F79EFBC}") = "DemoImageKit.Droid", "TestProjects\Droid\DemoImageKit.Droid.csproj", "{BAFD6048-D439-48DC-A827-46E4AEAA145E}"
EndProject
Project("{FAE04EC0-301F-11D3-BF4B-00C04F79EFBC}") = "DemoImageKit.iOS", "TestProjects\iOS\DemoImageKit.iOS.csproj", "{85119040-77A5-4968-8701-BF5660632979}"
EndProject
Project("{2150E333-8FDC-42A3-9474-1A3956D46DE8}") = "DevKit.Xamarin.ImageKit", "DevKit.Xamarin.ImageKit", "{F715F88F-D027-4D61-9D28-A5A5099927C1}"
	ProjectSection(SolutionItems) = preProject
		libs\DevKit.Xamarin.ImageKit\DevKit.Xamarin.ImageKit.Abstractions.dll = libs\DevKit.Xamarin.ImageKit\DevKit.Xamarin.ImageKit.Abstractions.dll
		libs\DevKit.Xamarin.ImageKit\DevKit.Xamarin.ImageKit.dll = libs\DevKit.Xamarin.ImageKit\DevKit.Xamarin.ImageKit.dll
	EndProjectSection
EndProject
Project("{2150E333-8FDC-42A3-9474-1A3956D46DE8}") = "DevKit.Xamarin.ImageKit.iOS", "DevKit.Xamarin.ImageKit.iOS", "{17DF68BE-2783-4CBC-9BF2-3EAE7805DB2D}"
	ProjectSection(SolutionItems) = preProject
		libs\DevKit.Xamarin.ImageKit.iOS\DevKit.Xamarin.ImageKit.dll = libs\DevKit.Xamarin.ImageKit.iOS\DevKit.Xamarin.ImageKit.dll
	EndProjectSection
EndProject
Project("{2150E333-8FDC-42A3-9474-1A3956D46DE8}") = "DevKit.Xamarin.ImageKit.Droid", "DevKit.Xamarin.ImageKit.Droid", "{ABD0301D-3AA1-4DA9-A3E5-1D817CA63498}"
	ProjectSection(SolutionItems) = preProject
		libs\DevKit.Xamarin.ImageKit.Droid\DevKit.Xamarin.ImageKit.dll = libs\DevKit.Xamarin.ImageKit.Droid\DevKit.Xamarin.ImageKit.dll
	EndProjectSection
EndProject
Project("{2150E333-8FDC-42A3-9474-1A3956D46DE8}") = "DevKit.Xamarin.ImageKit.UWP", "DevKit.Xamarin.ImageKit.UWP", "{2A9FC43B-79F9-460D-8021-F40F03D74A1A}"
	ProjectSection(SolutionItems) = preProject
		libs\DevKit.Xamarin.ImageKit.UWP\DevKit.Xamarin.ImageKit.dll = libs\DevKit.Xamarin.ImageKit.UWP\DevKit.Xamarin.ImageKit.dll
	EndProjectSection
EndProject
Project("{FAE04EC0-301F-11D3-BF4B-00C04F79EFBC}") = "DevKit.Xamarin.ImageKIt", "Source\DevKit.Xamarin.Image\DevKit.Xamarin.ImageKIt.csproj", "{EE75BCD5-92F5-4C6E-8249-E959A7E8A3FA}"
EndProject
Project("{2150E333-8FDC-42A3-9474-1A3956D46DE8}") = "Solution Items", "Solution Items", "{2D306E19-5C47-4FAC-B962-39792E2EC545}"
	ProjectSection(SolutionItems) = preProject
		Readme.md = Readme.md
	EndProjectSection
EndProject
Global
	GlobalSection(SolutionConfigurationPlatforms) = preSolution
		Debug|Any CPU = Debug|Any CPU
		Debug|iPhone = Debug|iPhone
		Debug|iPhoneSimulator = Debug|iPhoneSimulator
		Release|Any CPU = Release|Any CPU
		Release|iPhone = Release|iPhone
		Release|iPhoneSimulator = Release|iPhoneSimulator
	EndGlobalSection
	GlobalSection(ProjectConfigurationPlatforms) = postSolution
		{78B3558B-FE53-42BB-B92A-DE7EB6BF0A8B}.Debug|Any CPU.ActiveCfg = Debug|Any CPU
		{78B3558B-FE53-42BB-B92A-DE7EB6BF0A8B}.Debug|Any CPU.Build.0 = Debug|Any CPU
		{78B3558B-FE53-42BB-B92A-DE7EB6BF0A8B}.Debug|iPhone.ActiveCfg = Debug|Any CPU
		{78B3558B-FE53-42BB-B92A-DE7EB6BF0A8B}.Debug|iPhone.Build.0 = Debug|Any CPU
		{78B3558B-FE53-42BB-B92A-DE7EB6BF0A8B}.Debug|iPhoneSimulator.ActiveCfg = Debug|Any CPU
		{78B3558B-FE53-42BB-B92A-DE7EB6BF0A8B}.Debug|iPhoneSimulator.Build.0 = Debug|Any CPU
		{78B3558B-FE53-42BB-B92A-DE7EB6BF0A8B}.Release|Any CPU.ActiveCfg = Release|Any CPU
		{78B3558B-FE53-42BB-B92A-DE7EB6BF0A8B}.Release|Any CPU.Build.0 = Release|Any CPU
		{78B3558B-FE53-42BB-B92A-DE7EB6BF0A8B}.Release|iPhone.ActiveCfg = Release|Any CPU
		{78B3558B-FE53-42BB-B92A-DE7EB6BF0A8B}.Release|iPhone.Build.0 = Release|Any CPU
		{78B3558B-FE53-42BB-B92A-DE7EB6BF0A8B}.Release|iPhoneSimulator.ActiveCfg = Release|Any CPU
		{78B3558B-FE53-42BB-B92A-DE7EB6BF0A8B}.Release|iPhoneSimulator.Build.0 = Release|Any CPU
		{EE8F3A5E-11F2-48D6-8040-5C485C3368EC}.Debug|Any CPU.ActiveCfg = Debug|Any CPU
		{EE8F3A5E-11F2-48D6-8040-5C485C3368EC}.Debug|Any CPU.Build.0 = Debug|Any CPU
		{EE8F3A5E-11F2-48D6-8040-5C485C3368EC}.Debug|iPhone.ActiveCfg = Debug|Any CPU
		{EE8F3A5E-11F2-48D6-8040-5C485C3368EC}.Debug|iPhone.Build.0 = Debug|Any CPU
		{EE8F3A5E-11F2-48D6-8040-5C485C3368EC}.Debug|iPhoneSimulator.ActiveCfg = Debug|Any CPU
		{EE8F3A5E-11F2-48D6-8040-5C485C3368EC}.Debug|iPhoneSimulator.Build.0 = Debug|Any CPU
		{EE8F3A5E-11F2-48D6-8040-5C485C3368EC}.Release|Any CPU.ActiveCfg = Release|Any CPU
		{EE8F3A5E-11F2-48D6-8040-5C485C3368EC}.Release|Any CPU.Build.0 = Release|Any CPU
		{EE8F3A5E-11F2-48D6-8040-5C485C3368EC}.Release|iPhone.ActiveCfg = Release|Any CPU
		{EE8F3A5E-11F2-48D6-8040-5C485C3368EC}.Release|iPhone.Build.0 = Release|Any CPU
		{EE8F3A5E-11F2-48D6-8040-5C485C3368EC}.Release|iPhoneSimulator.ActiveCfg = Release|Any CPU
		{EE8F3A5E-11F2-48D6-8040-5C485C3368EC}.Release|iPhoneSimulator.Build.0 = Release|Any CPU
		{4C8964FC-4FBD-492B-8886-A97040EDEF8A}.Debug|Any CPU.ActiveCfg = Debug|Any CPU
		{4C8964FC-4FBD-492B-8886-A97040EDEF8A}.Debug|Any CPU.Build.0 = Debug|Any CPU
		{4C8964FC-4FBD-492B-8886-A97040EDEF8A}.Debug|iPhone.ActiveCfg = Debug|Any CPU
		{4C8964FC-4FBD-492B-8886-A97040EDEF8A}.Debug|iPhone.Build.0 = Debug|Any CPU
		{4C8964FC-4FBD-492B-8886-A97040EDEF8A}.Debug|iPhoneSimulator.ActiveCfg = Debug|Any CPU
		{4C8964FC-4FBD-492B-8886-A97040EDEF8A}.Debug|iPhoneSimulator.Build.0 = Debug|Any CPU
		{4C8964FC-4FBD-492B-8886-A97040EDEF8A}.Release|Any CPU.ActiveCfg = Release|Any CPU
		{4C8964FC-4FBD-492B-8886-A97040EDEF8A}.Release|Any CPU.Build.0 = Release|Any CPU
		{4C8964FC-4FBD-492B-8886-A97040EDEF8A}.Release|iPhone.ActiveCfg = Release|Any CPU
		{4C8964FC-4FBD-492B-8886-A97040EDEF8A}.Release|iPhone.Build.0 = Release|Any CPU
		{4C8964FC-4FBD-492B-8886-A97040EDEF8A}.Release|iPhoneSimulator.ActiveCfg = Release|Any CPU
		{4C8964FC-4FBD-492B-8886-A97040EDEF8A}.Release|iPhoneSimulator.Build.0 = Release|Any CPU
		{DFF6FDB4-4505-4F20-8493-38C1A574E31E}.Debug|Any CPU.ActiveCfg = Debug|Any CPU
		{DFF6FDB4-4505-4F20-8493-38C1A574E31E}.Debug|Any CPU.Build.0 = Debug|Any CPU
		{DFF6FDB4-4505-4F20-8493-38C1A574E31E}.Debug|iPhone.ActiveCfg = Debug|Any CPU
		{DFF6FDB4-4505-4F20-8493-38C1A574E31E}.Debug|iPhone.Build.0 = Debug|Any CPU
		{DFF6FDB4-4505-4F20-8493-38C1A574E31E}.Debug|iPhoneSimulator.ActiveCfg = Debug|Any CPU
		{DFF6FDB4-4505-4F20-8493-38C1A574E31E}.Debug|iPhoneSimulator.Build.0 = Debug|Any CPU
		{DFF6FDB4-4505-4F20-8493-38C1A574E31E}.Release|Any CPU.ActiveCfg = Release|Any CPU
		{DFF6FDB4-4505-4F20-8493-38C1A574E31E}.Release|Any CPU.Build.0 = Release|Any CPU
		{DFF6FDB4-4505-4F20-8493-38C1A574E31E}.Release|iPhone.ActiveCfg = Release|Any CPU
		{DFF6FDB4-4505-4F20-8493-38C1A574E31E}.Release|iPhone.Build.0 = Release|Any CPU
		{DFF6FDB4-4505-4F20-8493-38C1A574E31E}.Release|iPhoneSimulator.ActiveCfg = Release|Any CPU
		{DFF6FDB4-4505-4F20-8493-38C1A574E31E}.Release|iPhoneSimulator.Build.0 = Release|Any CPU
		{0F9C7FC6-3454-40B5-B57A-7C9FF9DCB637}.Debug|Any CPU.ActiveCfg = Debug|Any CPU
		{0F9C7FC6-3454-40B5-B57A-7C9FF9DCB637}.Debug|Any CPU.Build.0 = Debug|Any CPU
		{0F9C7FC6-3454-40B5-B57A-7C9FF9DCB637}.Debug|iPhone.ActiveCfg = Debug|Any CPU
		{0F9C7FC6-3454-40B5-B57A-7C9FF9DCB637}.Debug|iPhone.Build.0 = Debug|Any CPU
		{0F9C7FC6-3454-40B5-B57A-7C9FF9DCB637}.Debug|iPhoneSimulator.ActiveCfg = Debug|Any CPU
		{0F9C7FC6-3454-40B5-B57A-7C9FF9DCB637}.Debug|iPhoneSimulator.Build.0 = Debug|Any CPU
		{0F9C7FC6-3454-40B5-B57A-7C9FF9DCB637}.Release|Any CPU.ActiveCfg = Release|Any CPU
		{0F9C7FC6-3454-40B5-B57A-7C9FF9DCB637}.Release|Any CPU.Build.0 = Release|Any CPU
		{0F9C7FC6-3454-40B5-B57A-7C9FF9DCB637}.Release|iPhone.ActiveCfg = Release|Any CPU
		{0F9C7FC6-3454-40B5-B57A-7C9FF9DCB637}.Release|iPhone.Build.0 = Release|Any CPU
		{0F9C7FC6-3454-40B5-B57A-7C9FF9DCB637}.Release|iPhoneSimulator.ActiveCfg = Release|Any CPU
		{0F9C7FC6-3454-40B5-B57A-7C9FF9DCB637}.Release|iPhoneSimulator.Build.0 = Release|Any CPU
		{28239E17-43BC-4C32-A16D-15FE8BAD9A91}.Debug|Any CPU.ActiveCfg = Debug|x86
		{28239E17-43BC-4C32-A16D-15FE8BAD9A91}.Debug|Any CPU.Build.0 = Debug|x86
		{28239E17-43BC-4C32-A16D-15FE8BAD9A91}.Debug|iPhone.ActiveCfg = Debug|x86
		{28239E17-43BC-4C32-A16D-15FE8BAD9A91}.Debug|iPhone.Build.0 = Debug|x86
		{28239E17-43BC-4C32-A16D-15FE8BAD9A91}.Debug|iPhoneSimulator.ActiveCfg = Debug|x86
		{28239E17-43BC-4C32-A16D-15FE8BAD9A91}.Debug|iPhoneSimulator.Build.0 = Debug|x86
		{28239E17-43BC-4C32-A16D-15FE8BAD9A91}.Release|Any CPU.ActiveCfg = Release|x86
		{28239E17-43BC-4C32-A16D-15FE8BAD9A91}.Release|Any CPU.Build.0 = Release|x86
		{28239E17-43BC-4C32-A16D-15FE8BAD9A91}.Release|iPhone.ActiveCfg = Release|x86
		{28239E17-43BC-4C32-A16D-15FE8BAD9A91}.Release|iPhone.Build.0 = Release|x86
		{28239E17-43BC-4C32-A16D-15FE8BAD9A91}.Release|iPhoneSimulator.ActiveCfg = Release|x86
		{28239E17-43BC-4C32-A16D-15FE8BAD9A91}.Release|iPhoneSimulator.Build.0 = Release|x86
		{BAFD6048-D439-48DC-A827-46E4AEAA145E}.Debug|Any CPU.ActiveCfg = Debug|Any CPU
		{BAFD6048-D439-48DC-A827-46E4AEAA145E}.Debug|Any CPU.Build.0 = Debug|Any CPU
		{BAFD6048-D439-48DC-A827-46E4AEAA145E}.Debug|iPhone.ActiveCfg = Debug|Any CPU
		{BAFD6048-D439-48DC-A827-46E4AEAA145E}.Debug|iPhone.Build.0 = Debug|Any CPU
		{BAFD6048-D439-48DC-A827-46E4AEAA145E}.Debug|iPhoneSimulator.ActiveCfg = Debug|Any CPU
		{BAFD6048-D439-48DC-A827-46E4AEAA145E}.Debug|iPhoneSimulator.Build.0 = Debug|Any CPU
		{BAFD6048-D439-48DC-A827-46E4AEAA145E}.Release|Any CPU.ActiveCfg = Release|Any CPU
		{BAFD6048-D439-48DC-A827-46E4AEAA145E}.Release|Any CPU.Build.0 = Release|Any CPU
		{BAFD6048-D439-48DC-A827-46E4AEAA145E}.Release|iPhone.ActiveCfg = Release|Any CPU
		{BAFD6048-D439-48DC-A827-46E4AEAA145E}.Release|iPhone.Build.0 = Release|Any CPU
		{BAFD6048-D439-48DC-A827-46E4AEAA145E}.Release|iPhoneSimulator.ActiveCfg = Release|Any CPU
		{BAFD6048-D439-48DC-A827-46E4AEAA145E}.Release|iPhoneSimulator.Build.0 = Release|Any CPU
		{85119040-77A5-4968-8701-BF5660632979}.Debug|Any CPU.ActiveCfg = Debug|iPhoneSimulator
		{85119040-77A5-4968-8701-BF5660632979}.Debug|Any CPU.Build.0 = Debug|iPhoneSimulator
		{85119040-77A5-4968-8701-BF5660632979}.Debug|iPhone.ActiveCfg = Debug|iPhone
		{85119040-77A5-4968-8701-BF5660632979}.Debug|iPhone.Build.0 = Debug|iPhone
		{85119040-77A5-4968-8701-BF5660632979}.Debug|iPhoneSimulator.ActiveCfg = Debug|iPhoneSimulator
		{85119040-77A5-4968-8701-BF5660632979}.Debug|iPhoneSimulator.Build.0 = Debug|iPhoneSimulator
		{85119040-77A5-4968-8701-BF5660632979}.Release|Any CPU.ActiveCfg = Release|iPhone
		{85119040-77A5-4968-8701-BF5660632979}.Release|Any CPU.Build.0 = Release|iPhone
		{85119040-77A5-4968-8701-BF5660632979}.Release|iPhone.ActiveCfg = Release|iPhone
		{85119040-77A5-4968-8701-BF5660632979}.Release|iPhone.Build.0 = Release|iPhone
		{85119040-77A5-4968-8701-BF5660632979}.Release|iPhoneSimulator.ActiveCfg = Release|iPhoneSimulator
		{85119040-77A5-4968-8701-BF5660632979}.Release|iPhoneSimulator.Build.0 = Release|iPhoneSimulator
		{EE75BCD5-92F5-4C6E-8249-E959A7E8A3FA}.Debug|Any CPU.ActiveCfg = Debug|Any CPU
		{EE75BCD5-92F5-4C6E-8249-E959A7E8A3FA}.Debug|Any CPU.Build.0 = Debug|Any CPU
		{EE75BCD5-92F5-4C6E-8249-E959A7E8A3FA}.Debug|iPhone.ActiveCfg = Debug|Any CPU
		{EE75BCD5-92F5-4C6E-8249-E959A7E8A3FA}.Debug|iPhone.Build.0 = Debug|Any CPU
		{EE75BCD5-92F5-4C6E-8249-E959A7E8A3FA}.Debug|iPhoneSimulator.ActiveCfg = Debug|Any CPU
		{EE75BCD5-92F5-4C6E-8249-E959A7E8A3FA}.Debug|iPhoneSimulator.Build.0 = Debug|Any CPU
		{EE75BCD5-92F5-4C6E-8249-E959A7E8A3FA}.Release|Any CPU.ActiveCfg = Release|Any CPU
		{EE75BCD5-92F5-4C6E-8249-E959A7E8A3FA}.Release|Any CPU.Build.0 = Release|Any CPU
		{EE75BCD5-92F5-4C6E-8249-E959A7E8A3FA}.Release|iPhone.ActiveCfg = Release|Any CPU
		{EE75BCD5-92F5-4C6E-8249-E959A7E8A3FA}.Release|iPhone.Build.0 = Release|Any CPU
		{EE75BCD5-92F5-4C6E-8249-E959A7E8A3FA}.Release|iPhoneSimulator.ActiveCfg = Release|Any CPU
		{EE75BCD5-92F5-4C6E-8249-E959A7E8A3FA}.Release|iPhoneSimulator.Build.0 = Release|Any CPU
	EndGlobalSection
	GlobalSection(SolutionProperties) = preSolution
		HideSolutionNode = FALSE
	EndGlobalSection
	GlobalSection(NestedProjects) = preSolution
		{78B3558B-FE53-42BB-B92A-DE7EB6BF0A8B} = {F4F00987-6164-4A25-A2E6-F94481ADB327}
		{EE8F3A5E-11F2-48D6-8040-5C485C3368EC} = {F4F00987-6164-4A25-A2E6-F94481ADB327}
		{4C8964FC-4FBD-492B-8886-A97040EDEF8A} = {F4F00987-6164-4A25-A2E6-F94481ADB327}
		{DFF6FDB4-4505-4F20-8493-38C1A574E31E} = {F4F00987-6164-4A25-A2E6-F94481ADB327}
		{0F9C7FC6-3454-40B5-B57A-7C9FF9DCB637} = {1EE7E273-64EC-42C0-A7C5-7AD78FC6FF82}
		{28239E17-43BC-4C32-A16D-15FE8BAD9A91} = {1EE7E273-64EC-42C0-A7C5-7AD78FC6FF82}
		{BAFD6048-D439-48DC-A827-46E4AEAA145E} = {1EE7E273-64EC-42C0-A7C5-7AD78FC6FF82}
		{85119040-77A5-4968-8701-BF5660632979} = {1EE7E273-64EC-42C0-A7C5-7AD78FC6FF82}
		{F715F88F-D027-4D61-9D28-A5A5099927C1} = {815B044E-E2F3-4FF7-8F8E-F8013D7E5E80}
		{17DF68BE-2783-4CBC-9BF2-3EAE7805DB2D} = {815B044E-E2F3-4FF7-8F8E-F8013D7E5E80}
		{ABD0301D-3AA1-4DA9-A3E5-1D817CA63498} = {815B044E-E2F3-4FF7-8F8E-F8013D7E5E80}
		{2A9FC43B-79F9-460D-8021-F40F03D74A1A} = {815B044E-E2F3-4FF7-8F8E-F8013D7E5E80}
		{EE75BCD5-92F5-4C6E-8249-E959A7E8A3FA} = {F4F00987-6164-4A25-A2E6-F94481ADB327}
	EndGlobalSection
EndGlobal
